{
  "requires": true,
  "lockfileVersion": 1,
  "dependencies": {
    "chartjs-plugin-zoom": {
      "version": "0.7.0",
      "resolved": "https://registry.npmjs.org/chartjs-plugin-zoom/-/chartjs-plugin-zoom-0.7.0.tgz",
      "integrity": "sha512-cb0zVy3SsSrQ4J4nDCbKnc8ssiKfu1YOyAHXlAL381hFrb9aTmKLc2VM+DO9I2l85FoAMiZ+IfvZ0m0Vks+Rsw==",
      "requires": {
        "hammerjs": "^2.0.8"
      }
    },
    "hammerjs": {
      "version": "2.0.8",
      "resolved": "https://registry.npmjs.org/hammerjs/-/hammerjs-2.0.8.tgz",
      "integrity": "sha1-BO93hiz/K7edMPdpIJWTAiK/YPE="
    }
  }
}
