
Microsoft Visual Studio Solution File, Format Version 12.00
# Visual Studio 15
Project("{FAE04EC0-301F-11D3-BF4B-00C04F79EFBC}") = "RazorPagesChart", "RazorPagesChart.csproj", "{30BF9B85-DEF9-4168-B3F4-6184FD7C523A}"
EndProject
Global
	GlobalSection(SolutionConfigurationPlatforms) = preSolution
		Debug|Any CPU = Debug|Any CPU
		Release|Any CPU = Release|Any CPU
	EndGlobalSection
	GlobalSection(ProjectConfigurationPlatforms) = postSolution
		{30BF9B85-DEF9-4168-B3F4-6184FD7C523A}.Debug|Any CPU.ActiveCfg = Debug|Any CPU
		{30BF9B85-DEF9-4168-B3F4-6184FD7C523A}.Debug|Any CPU.Build.0 = Debug|Any CPU
		{30BF9B85-DEF9-4168-B3F4-6184FD7C523A}.Release|Any CPU.ActiveCfg = Release|Any CPU
		{30BF9B85-DEF9-4168-B3F4-6184FD7C523A}.Release|Any CPU.Build.0 = Release|Any CPU
	EndGlobalSection
EndGlobal
